// !$*UTF8*$!
{
	archiveVersion = 1;
	classes = {
	};
	objectVersion = 46;
	objects = {

/* Begin PBXBuildFile section */
		29F894A61DD53FE900580240 /* ProfileView.swift in Sources */ = {isa = PBXBuildFile; fileRef = 29F894A51DD53FE900580240 /* ProfileView.swift */; };
		29F894A81DD5444900580240 /* BluringView.swift in Sources */ = {isa = PBXBuildFile; fileRef = 29F894A71DD5444900580240 /* BluringView.swift */; };
		29F894AA1DD548C800580240 /* Extension.swift in Sources */ = {isa = PBXBuildFile; fileRef = 29F894A91DD548C800580240 /* Extension.swift */; };
		3F37E54B1DC7755E0039B5EF /* AppDelegate.swift in Sources */ = {isa = PBXBuildFile; fileRef = 3F37E54A1DC7755E0039B5EF /* AppDelegate.swift */; };
		3F37E54D1DC7755E0039B5EF /* ViewController.swift in Sources */ = {isa = PBXBuildFile; fileRef = 3F37E54C1DC7755E0039B5EF /* ViewController.swift */; };
		3F37E5501DC7755E0039B5EF /* Main.storyboard in Resources */ = {isa = PBXBuildFile; fileRef = 3F37E54E1DC7755E0039B5EF /* Main.storyboard */; };
		3F37E5551DC7755E0039B5EF /* LaunchScreen.storyboard in Resources */ = {isa = PBXBuildFile; fileRef = 3F37E5531DC7755E0039B5EF /* LaunchScreen.storyboard */; };
		3F37E55D1DC775B00039B5EF /* Gradient.swift in Sources */ = {isa = PBXBuildFile; fileRef = 3F37E55C1DC775B00039B5EF /* Gradient.swift */; };
		3F37E55F1DC77B3B0039B5EF /* 7fonts.ru_mistral.ttf in Resources */ = {isa = PBXBuildFile; fileRef = 3F37E55E1DC77B3B0039B5EF /* 7fonts.ru_mistral.ttf */; };
		3F37E5611DC77D670039B5EF /* FriendsListViewController.swift in Sources */ = {isa = PBXBuildFile; fileRef = 3F37E5601DC77D670039B5EF /* FriendsListViewController.swift */; };
		3FE5C3D81DCD369200FF3E00 /* ExtensionBordered.swift in Sources */ = {isa = PBXBuildFile; fileRef = 3FE5C3D71DCD369200FF3E00 /* ExtensionBordered.swift */; };
		3FE5C3DE1DCD3DE800FF3E00 /* 3967.ttf in Resources */ = {isa = PBXBuildFile; fileRef = 3FE5C3DD1DCD3DE800FF3E00 /* 3967.ttf */; };
		3FE5C3E01DCD415A00FF3E00 /* drugs.ttf in Resources */ = {isa = PBXBuildFile; fileRef = 3FE5C3DF1DCD415A00FF3E00 /* drugs.ttf */; };
		3FE5C3E21DCD546400FF3E00 /* TapBar.swift in Sources */ = {isa = PBXBuildFile; fileRef = 3FE5C3E11DCD546400FF3E00 /* TapBar.swift */; };
		3FE5C3E41DCD5AE700FF3E00 /* Assets.xcassets in Resources */ = {isa = PBXBuildFile; fileRef = 3FE5C3E31DCD5AE700FF3E00 /* Assets.xcassets */; };
		3FF98F281DC786BE00D43F8C /* Person.swift in Sources */ = {isa = PBXBuildFile; fileRef = 3FF98F271DC786BE00D43F8C /* Person.swift */; };
		3FF98F2A1DC78BA800D43F8C /* FriendTableViewCell.swift in Sources */ = {isa = PBXBuildFile; fileRef = 3FF98F291DC78BA800D43F8C /* FriendTableViewCell.swift */; };
		74ACFE4BE9174EC9CC10A164 /* Pods_ShameApp.framework in Frameworks */ = {isa = PBXBuildFile; fileRef = A64BE41D849812A0BFC3EB03 /* Pods_ShameApp.framework */; };
/* End PBXBuildFile section */

/* Begin PBXFileReference section */
		1B1C6F7D5A3EA6AF61106D46 /* Pods-ShameApp.debug.xcconfig */ = {isa = PBXFileReference; includeInIndex = 1; lastKnownFileType = text.xcconfig; name = "Pods-ShameApp.debug.xcconfig"; path = "Pods/Target Support Files/Pods-ShameApp/Pods-ShameApp.debug.xcconfig"; sourceTree = "<group>"; };
		29F894A51DD53FE900580240 /* ProfileView.swift */ = {isa = PBXFileReference; fileEncoding = 4; lastKnownFileType = sourcecode.swift; path = ProfileView.swift; sourceTree = "<group>"; };
		29F894A71DD5444900580240 /* BluringView.swift */ = {isa = PBXFileReference; fileEncoding = 4; lastKnownFileType = sourcecode.swift; path = BluringView.swift; sourceTree = "<group>"; };
		29F894A91DD548C800580240 /* Extension.swift */ = {isa = PBXFileReference; fileEncoding = 4; lastKnownFileType = sourcecode.swift; path = Extension.swift; sourceTree = "<group>"; };
		2E7FDF4BBA1D234369E2B9D5 /* Pods-ShameApp.release.xcconfig */ = {isa = PBXFileReference; includeInIndex = 1; lastKnownFileType = text.xcconfig; name = "Pods-ShameApp.release.xcconfig"; path = "Pods/Target Support Files/Pods-ShameApp/Pods-ShameApp.release.xcconfig"; sourceTree = "<group>"; };
		3F37E5471DC7755E0039B5EF /* ShameApp.app */ = {isa = PBXFileReference; explicitFileType = wrapper.application; includeInIndex = 0; path = ShameApp.app; sourceTree = BUILT_PRODUCTS_DIR; };
		3F37E54A1DC7755E0039B5EF /* AppDelegate.swift */ = {isa = PBXFileReference; lastKnownFileType = sourcecode.swift; path = AppDelegate.swift; sourceTree = "<group>"; };
		3F37E54C1DC7755E0039B5EF /* ViewController.swift */ = {isa = PBXFileReference; lastKnownFileType = sourcecode.swift; path = ViewController.swift; sourceTree = "<group>"; };
		3F37E54F1DC7755E0039B5EF /* Base */ = {isa = PBXFileReference; lastKnownFileType = file.storyboard; name = Base; path = Base.lproj/Main.storyboard; sourceTree = "<group>"; };
		3F37E5541DC7755E0039B5EF /* Base */ = {isa = PBXFileReference; lastKnownFileType = file.storyboard; name = Base; path = Base.lproj/LaunchScreen.storyboard; sourceTree = "<group>"; };
		3F37E5561DC7755E0039B5EF /* Info.plist */ = {isa = PBXFileReference; lastKnownFileType = text.plist.xml; path = Info.plist; sourceTree = "<group>"; };
		3F37E55C1DC775B00039B5EF /* Gradient.swift */ = {isa = PBXFileReference; fileEncoding = 4; lastKnownFileType = sourcecode.swift; path = Gradient.swift; sourceTree = "<group>"; };
		3F37E55E1DC77B3B0039B5EF /* 7fonts.ru_mistral.ttf */ = {isa = PBXFileReference; lastKnownFileType = file; path = 7fonts.ru_mistral.ttf; sourceTree = "<group>"; };
		3F37E5601DC77D670039B5EF /* FriendsListViewController.swift */ = {isa = PBXFileReference; fileEncoding = 4; lastKnownFileType = sourcecode.swift; path = FriendsListViewController.swift; sourceTree = "<group>"; };
		3FE5C3D71DCD369200FF3E00 /* ExtensionBordered.swift */ = {isa = PBXFileReference; fileEncoding = 4; lastKnownFileType = sourcecode.swift; path = ExtensionBordered.swift; sourceTree = "<group>"; };
		3FE5C3DD1DCD3DE800FF3E00 /* 3967.ttf */ = {isa = PBXFileReference; lastKnownFileType = file; path = 3967.ttf; sourceTree = "<group>"; };
		3FE5C3DF1DCD415A00FF3E00 /* drugs.ttf */ = {isa = PBXFileReference; lastKnownFileType = file; path = drugs.ttf; sourceTree = "<group>"; };
		3FE5C3E11DCD546400FF3E00 /* TapBar.swift */ = {isa = PBXFileReference; fileEncoding = 4; lastKnownFileType = sourcecode.swift; path = TapBar.swift; sourceTree = "<group>"; };
		3FE5C3E31DCD5AE700FF3E00 /* Assets.xcassets */ = {isa = PBXFileReference; lastKnownFileType = folder.assetcatalog; path = Assets.xcassets; sourceTree = "<group>"; };
		3FF98F271DC786BE00D43F8C /* Person.swift */ = {isa = PBXFileReference; fileEncoding = 4; lastKnownFileType = sourcecode.swift; path = Person.swift; sourceTree = "<group>"; };
		3FF98F291DC78BA800D43F8C /* FriendTableViewCell.swift */ = {isa = PBXFileReference; fileEncoding = 4; lastKnownFileType = sourcecode.swift; path = FriendTableViewCell.swift; sourceTree = "<group>"; };
		A64BE41D849812A0BFC3EB03 /* Pods_ShameApp.framework */ = {isa = PBXFileReference; explicitFileType = wrapper.framework; includeInIndex = 0; path = Pods_ShameApp.framework; sourceTree = BUILT_PRODUCTS_DIR; };
/* End PBXFileReference section */

/* Begin PBXFrameworksBuildPhase section */
		3F37E5441DC7755E0039B5EF /* Frameworks */ = {
			isa = PBXFrameworksBuildPhase;
			buildActionMask = 2147483647;
			files = (
				74ACFE4BE9174EC9CC10A164 /* Pods_ShameApp.framework in Frameworks */,
			);
			runOnlyForDeploymentPostprocessing = 0;
		};
/* End PBXFrameworksBuildPhase section */

/* Begin PBXGroup section */
		3F37E53E1DC7755E0039B5EF = {
			isa = PBXGroup;
			children = (
				3F37E5491DC7755E0039B5EF /* ShameApp */,
				3F37E5481DC7755E0039B5EF /* Products */,
				7DFFB125E316E4D457CD80AF /* Pods */,
				EA088AFFE982E04A6319C448 /* Frameworks */,
			);
			sourceTree = "<group>";
		};
		3F37E5481DC7755E0039B5EF /* Products */ = {
			isa = PBXGroup;
			children = (
				3F37E5471DC7755E0039B5EF /* ShameApp.app */,
			);
			name = Products;
			sourceTree = "<group>";
		};
		3F37E5491DC7755E0039B5EF /* ShameApp */ = {
			isa = PBXGroup;
			children = (
				3FE5C3E31DCD5AE700FF3E00 /* Assets.xcassets */,
				3FE5C3DF1DCD415A00FF3E00 /* drugs.ttf */,
				3FE5C3DD1DCD3DE800FF3E00 /* 3967.ttf */,
				3F37E55E1DC77B3B0039B5EF /* 7fonts.ru_mistral.ttf */,
				3F37E54A1DC7755E0039B5EF /* AppDelegate.swift */,
				3F37E54C1DC7755E0039B5EF /* ViewController.swift */,
				3F37E54E1DC7755E0039B5EF /* Main.storyboard */,
				3F37E5531DC7755E0039B5EF /* LaunchScreen.storyboard */,
				3F37E5561DC7755E0039B5EF /* Info.plist */,
				3F37E55C1DC775B00039B5EF /* Gradient.swift */,
				3F37E5601DC77D670039B5EF /* FriendsListViewController.swift */,
				3FF98F271DC786BE00D43F8C /* Person.swift */,
				3FF98F291DC78BA800D43F8C /* FriendTableViewCell.swift */,
				3FE5C3E11DCD546400FF3E00 /* TapBar.swift */,
				3FE5C3D71DCD369200FF3E00 /* ExtensionBordered.swift */,
				29F894A51DD53FE900580240 /* ProfileView.swift */,
				29F894A91DD548C800580240 /* Extension.swift */,
				29F894A71DD5444900580240 /* BluringView.swift */,
			);
			path = ShameApp;
			sourceTree = "<group>";
		};
		7DFFB125E316E4D457CD80AF /* Pods */ = {
			isa = PBXGroup;
			children = (
				1B1C6F7D5A3EA6AF61106D46 /* Pods-ShameApp.debug.xcconfig */,
				2E7FDF4BBA1D234369E2B9D5 /* Pods-ShameApp.release.xcconfig */,
			);
			name = Pods;
			sourceTree = "<group>";
		};
		EA088AFFE982E04A6319C448 /* Frameworks */ = {
			isa = PBXGroup;
			children = (
				A64BE41D849812A0BFC3EB03 /* Pods_ShameApp.framework */,
			);
			name = Frameworks;
			sourceTree = "<group>";
		};
/* End PBXGroup section */

/* Begin PBXNativeTarget section */
		3F37E5461DC7755E0039B5EF /* ShameApp */ = {
			isa = PBXNativeTarget;
			buildConfigurationList = 3F37E5591DC7755E0039B5EF /* Build configuration list for PBXNativeTarget "ShameApp" */;
			buildPhases = (
				4799338CB7A868F440C9A2D0 /* [CP] Check Pods Manifest.lock */,
				3F37E5431DC7755E0039B5EF /* Sources */,
				3F37E5441DC7755E0039B5EF /* Frameworks */,
				3F37E5451DC7755E0039B5EF /* Resources */,
				A8E28E40913B6B255F7A4894 /* [CP] Embed Pods Frameworks */,
				1D76B96BF61009C752A42259 /* [CP] Copy Pods Resources */,
			);
			buildRules = (
			);
			dependencies = (
			);
			name = ShameApp;
			productName = ShameApp;
			productReference = 3F37E5471DC7755E0039B5EF /* ShameApp.app */;
			productType = "com.apple.product-type.application";
		};
/* End PBXNativeTarget section */

/* Begin PBXProject section */
		3F37E53F1DC7755E0039B5EF /* Project object */ = {
			isa = PBXProject;
			attributes = {
				LastSwiftUpdateCheck = 0800;
				LastUpgradeCheck = 0810;
				ORGANIZATIONNAME = "Виталий Волков";
				TargetAttributes = {
					3F37E5461DC7755E0039B5EF = {
						CreatedOnToolsVersion = 8.0;
						DevelopmentTeam = RCVMS2D4SR;
						ProvisioningStyle = Automatic;
					};
				};
			};
			buildConfigurationList = 3F37E5421DC7755E0039B5EF /* Build configuration list for PBXProject "ShameApp" */;
			compatibilityVersion = "Xcode 3.2";
			developmentRegion = English;
			hasScannedForEncodings = 0;
			knownRegions = (
				en,
				Base,
			);
			mainGroup = 3F37E53E1DC7755E0039B5EF;
			productRefGroup = 3F37E5481DC7755E0039B5EF /* Products */;
			projectDirPath = "";
			projectRoot = "";
			targets = (
				3F37E5461DC7755E0039B5EF /* ShameApp */,
			);
		};
/* End PBXProject section */

/* Begin PBXResourcesBuildPhase section */
		3F37E5451DC7755E0039B5EF /* Resources */ = {
			isa = PBXResourcesBuildPhase;
			buildActionMask = 2147483647;
			files = (
				3F37E5551DC7755E0039B5EF /* LaunchScreen.storyboard in Resources */,
				3FE5C3DE1DCD3DE800FF3E00 /* 3967.ttf in Resources */,
				3F37E55F1DC77B3B0039B5EF /* 7fonts.ru_mistral.ttf in Resources */,
				3FE5C3E01DCD415A00FF3E00 /* drugs.ttf in Resources */,
				3FE5C3E41DCD5AE700FF3E00 /* Assets.xcassets in Resources */,
				3F37E5501DC7755E0039B5EF /* Main.storyboard in Resources */,
			);
			runOnlyForDeploymentPostprocessing = 0;
		};
/* End PBXResourcesBuildPhase section */

/* Begin PBXShellScriptBuildPhase section */
		1D76B96BF61009C752A42259 /* [CP] Copy Pods Resources */ = {
			isa = PBXShellScriptBuildPhase;
			buildActionMask = 2147483647;
			files = (
			);
			inputPaths = (
			);
			name = "[CP] Copy Pods Resources";
			outputPaths = (
			);
			runOnlyForDeploymentPostprocessing = 0;
			shellPath = /bin/sh;
			shellScript = "\"${SRCROOT}/Pods/Target Support Files/Pods-ShameApp/Pods-ShameApp-resources.sh\"\n";
			showEnvVarsInLog = 0;
		};
		4799338CB7A868F440C9A2D0 /* [CP] Check Pods Manifest.lock */ = {
			isa = PBXShellScriptBuildPhase;
			buildActionMask = 2147483647;
			files = (
			);
			inputPaths = (
			);
			name = "[CP] Check Pods Manifest.lock";
			outputPaths = (
			);
			runOnlyForDeploymentPostprocessing = 0;
			shellPath = /bin/sh;
			shellScript = "diff \"${PODS_ROOT}/../Podfile.lock\" \"${PODS_ROOT}/Manifest.lock\" > /dev/null\nif [ $? != 0 ] ; then\n    # print error to STDERR\n    echo \"error: The sandbox is not in sync with the Podfile.lock. Run 'pod install' or update your CocoaPods installation.\" >&2\n    exit 1\nfi\n";
			showEnvVarsInLog = 0;
		};
		A8E28E40913B6B255F7A4894 /* [CP] Embed Pods Frameworks */ = {
			isa = PBXShellScriptBuildPhase;
			buildActionMask = 2147483647;
			files = (
			);
			inputPaths = (
			);
			name = "[CP] Embed Pods Frameworks";
			outputPaths = (
			);
			runOnlyForDeploymentPostprocessing = 0;
			shellPath = /bin/sh;
			shellScript = "\"${SRCROOT}/Pods/Target Support Files/Pods-ShameApp/Pods-ShameApp-frameworks.sh\"\n";
			showEnvVarsInLog = 0;
		};
/* End PBXShellScriptBuildPhase section */

/* Begin PBXSourcesBuildPhase section */
		3F37E5431DC7755E0039B5EF /* Sources */ = {
			isa = PBXSourcesBuildPhase;
			buildActionMask = 2147483647;
			files = (
				3FF98F281DC786BE00D43F8C /* Person.swift in Sources */,
				3F37E5611DC77D670039B5EF /* FriendsListViewController.swift in Sources */,
				29F894A61DD53FE900580240 /* ProfileView.swift in Sources */,
				29F894AA1DD548C800580240 /* Extension.swift in Sources */,
				3F37E54D1DC7755E0039B5EF /* ViewController.swift in Sources */,
				3FE5C3E21DCD546400FF3E00 /* TapBar.swift in Sources */,
				3F37E54B1DC7755E0039B5EF /* AppDelegate.swift in Sources */,
				3F37E55D1DC775B00039B5EF /* Gradient.swift in Sources */,
				3FE5C3D81DCD369200FF3E00 /* ExtensionBordered.swift in Sources */,
				29F894A81DD5444900580240 /* BluringView.swift in Sources */,
				3FF98F2A1DC78BA800D43F8C /* FriendTableViewCell.swift in Sources */,
			);
			runOnlyForDeploymentPostprocessing = 0;
		};
/* End PBXSourcesBuildPhase section */

/* Begin PBXVariantGroup section */
		3F37E54E1DC7755E0039B5EF /* Main.storyboard */ = {
			isa = PBXVariantGroup;
			children = (
				3F37E54F1DC7755E0039B5EF /* Base */,
			);
			name = Main.storyboard;
			sourceTree = "<group>";
		};
		3F37E5531DC7755E0039B5EF /* LaunchScreen.storyboard */ = {
			isa = PBXVariantGroup;
			children = (
				3F37E5541DC7755E0039B5EF /* Base */,
			);
			name = LaunchScreen.storyboard;
			sourceTree = "<group>";
		};
/* End PBXVariantGroup section */

/* Begin XCBuildConfiguration section */
		3F37E5571DC7755E0039B5EF /* Debug */ = {
			isa = XCBuildConfiguration;
			buildSettings = {
				ALWAYS_SEARCH_USER_PATHS = NO;
				CLANG_ANALYZER_NONNULL = YES;
				CLANG_CXX_LANGUAGE_STANDARD = "gnu++0x";
				CLANG_CXX_LIBRARY = "libc++";
				CLANG_ENABLE_MODULES = YES;
				CLANG_ENABLE_OBJC_ARC = YES;
				CLANG_WARN_BOOL_CONVERSION = YES;
				CLANG_WARN_CONSTANT_CONVERSION = YES;
				CLANG_WARN_DIRECT_OBJC_ISA_USAGE = YES_ERROR;
				CLANG_WARN_DOCUMENTATION_COMMENTS = YES;
				CLANG_WARN_EMPTY_BODY = YES;
				CLANG_WARN_ENUM_CONVERSION = YES;
				CLANG_WARN_INFINITE_RECURSION = YES;
				CLANG_WARN_INT_CONVERSION = YES;
				CLANG_WARN_OBJC_ROOT_CLASS = YES_ERROR;
				CLANG_WARN_SUSPICIOUS_MOVE = YES;
				CLANG_WARN_SUSPICIOUS_MOVES = YES;
				CLANG_WARN_UNREACHABLE_CODE = YES;
				CLANG_WARN__DUPLICATE_METHOD_MATCH = YES;
				"CODE_SIGN_IDENTITY[sdk=iphoneos*]" = "iPhone Developer";
				COPY_PHASE_STRIP = NO;
				DEBUG_INFORMATION_FORMAT = dwarf;
				ENABLE_STRICT_OBJC_MSGSEND = YES;
				ENABLE_TESTABILITY = YES;
				GCC_C_LANGUAGE_STANDARD = gnu99;
				GCC_DYNAMIC_NO_PIC = NO;
				GCC_NO_COMMON_BLOCKS = YES;
				GCC_OPTIMIZATION_LEVEL = 0;
				GCC_PREPROCESSOR_DEFINITIONS = (
					"DEBUG=1",
					"$(inherited)",
				);
				GCC_WARN_64_TO_32_BIT_CONVERSION = YES;
				GCC_WARN_ABOUT_RETURN_TYPE = YES_ERROR;
				GCC_WARN_UNDECLARED_SELECTOR = YES;
				GCC_WARN_UNINITIALIZED_AUTOS = YES_AGGRESSIVE;
				GCC_WARN_UNUSED_FUNCTION = YES;
				GCC_WARN_UNUSED_VARIABLE = YES;
				IPHONEOS_DEPLOYMENT_TARGET = 10.0;
				MTL_ENABLE_DEBUG_INFO = YES;
				ONLY_ACTIVE_ARCH = YES;
				SDKROOT = iphoneos;
				SWIFT_ACTIVE_COMPILATION_CONDITIONS = DEBUG;
				SWIFT_OPTIMIZATION_LEVEL = "-Onone";
			};
			name = Debug;
		};
		3F37E5581DC7755E0039B5EF /* Release */ = {
			isa = XCBuildConfiguration;
			buildSettings = {
				ALWAYS_SEARCH_USER_PATHS = NO;
				CLANG_ANALYZER_NONNULL = YES;
				CLANG_CXX_LANGUAGE_STANDARD = "gnu++0x";
				CLANG_CXX_LIBRARY = "libc++";
				CLANG_ENABLE_MODULES = YES;
				CLANG_ENABLE_OBJC_ARC = YES;
				CLANG_WARN_BOOL_CONVERSION = YES;
				CLANG_WARN_CONSTANT_CONVERSION = YES;
				CLANG_WARN_DIRECT_OBJC_ISA_USAGE = YES_ERROR;
				CLANG_WARN_DOCUMENTATION_COMMENTS = YES;
				CLANG_WARN_EMPTY_BODY = YES;
				CLANG_WARN_ENUM_CONVERSION = YES;
				CLANG_WARN_INFINITE_RECURSION = YES;
				CLANG_WARN_INT_CONVERSION = YES;
				CLANG_WARN_OBJC_ROOT_CLASS = YES_ERROR;
				CLANG_WARN_SUSPICIOUS_MOVE = YES;
				CLANG_WARN_SUSPICIOUS_MOVES = YES;
				CLANG_WARN_UNREACHABLE_CODE = YES;
				CLANG_WARN__DUPLICATE_METHOD_MATCH = YES;
				"CODE_SIGN_IDENTITY[sdk=iphoneos*]" = "iPhone Developer";
				COPY_PHASE_STRIP = NO;
				DEBUG_INFORMATION_FORMAT = "dwarf-with-dsym";
				ENABLE_NS_ASSERTIONS = NO;
				ENABLE_STRICT_OBJC_MSGSEND = YES;
				GCC_C_LANGUAGE_STANDARD = gnu99;
				GCC_NO_COMMON_BLOCKS = YES;
				GCC_WARN_64_TO_32_BIT_CONVERSION = YES;
				GCC_WARN_ABOUT_RETURN_TYPE = YES_ERROR;
				GCC_WARN_UNDECLARED_SELECTOR = YES;
				GCC_WARN_UNINITIALIZED_AUTOS = YES_AGGRESSIVE;
				GCC_WARN_UNUSED_FUNCTION = YES;
				GCC_WARN_UNUSED_VARIABLE = YES;
				IPHONEOS_DEPLOYMENT_TARGET = 10.0;
				MTL_ENABLE_DEBUG_INFO = NO;
				SDKROOT = iphoneos;
				SWIFT_OPTIMIZATION_LEVEL = "-Owholemodule";
				VALIDATE_PRODUCT = YES;
			};
			name = Release;
		};
		3F37E55A1DC7755E0039B5EF /* Debug */ = {
			isa = XCBuildConfiguration;
			baseConfigurationReference = 1B1C6F7D5A3EA6AF61106D46 /* Pods-ShameApp.debug.xcconfig */;
			buildSettings = {
				ALWAYS_EMBED_SWIFT_STANDARD_LIBRARIES = YES;
				ASSETCATALOG_COMPILER_APPICON_NAME = AppIcon;
				DEVELOPMENT_TEAM = RCVMS2D4SR;
				INFOPLIST_FILE = ShameApp/Info.plist;
				IPHONEOS_DEPLOYMENT_TARGET = 10.0;
				LD_RUNPATH_SEARCH_PATHS = "$(inherited) @executable_path/Frameworks";
				PRODUCT_BUNDLE_IDENTIFIER = Vitalyi.ShameApp;
				PRODUCT_NAME = "$(TARGET_NAME)";
				SWIFT_VERSION = 3.0;
			};
			name = Debug;
		};
		3F37E55B1DC7755E0039B5EF /* Release */ = {
			isa = XCBuildConfiguration;
			baseConfigurationReference = 2E7FDF4BBA1D234369E2B9D5 /* Pods-ShameApp.release.xcconfig */;
			buildSettings = {
				ALWAYS_EMBED_SWIFT_STANDARD_LIBRARIES = YES;
				ASSETCATALOG_COMPILER_APPICON_NAME = AppIcon;
				DEVELOPMENT_TEAM = RCVMS2D4SR;
				INFOPLIST_FILE = ShameApp/Info.plist;
				IPHONEOS_DEPLOYMENT_TARGET = 10.0;
				LD_RUNPATH_SEARCH_PATHS = "$(inherited) @executable_path/Frameworks";
				PRODUCT_BUNDLE_IDENTIFIER = Vitalyi.ShameApp;
				PRODUCT_NAME = "$(TARGET_NAME)";
				SWIFT_VERSION = 3.0;
			};
			name = Release;
		};
/* End XCBuildConfiguration section */

/* Begin XCConfigurationList section */
		3F37E5421DC7755E0039B5EF /* Build configuration list for PBXProject "ShameApp" */ = {
			isa = XCConfigurationList;
			buildConfigurations = (
				3F37E5571DC7755E0039B5EF /* Debug */,
				3F37E5581DC7755E0039B5EF /* Release */,
			);
			defaultConfigurationIsVisible = 0;
			defaultConfigurationName = Release;
		};
		3F37E5591DC7755E0039B5EF /* Build configuration list for PBXNativeTarget "ShameApp" */ = {
			isa = XCConfigurationList;
			buildConfigurations = (
				3F37E55A1DC7755E0039B5EF /* Debug */,
				3F37E55B1DC7755E0039B5EF /* Release */,
			);
			defaultConfigurationIsVisible = 0;
			defaultConfigurationName = Release;
		};
/* End XCConfigurationList section */
	};
	rootObject = 3F37E53F1DC7755E0039B5EF /* Project object */;
}
